
Microsoft Visual Studio Solution File, Format Version 12.00
# Visual Studio Version 16
VisualStudioVersion = 16.0.31729.503
MinimumVisualStudioVersion = 10.0.40219.1
Project("{FAE04EC0-301F-11D3-BF4B-00C04F79EFBC}") = "Naasljedivanje_vjezba2", "Naasljedivanje_vjezba2\Naasljedivanje_vjezba2.csproj", "{593F5B84-3D66-4A3D-AFBC-C6FDA9929918}"
EndProject
Global
	GlobalSection(SolutionConfigurationPlatforms) = preSolution
		Debug|Any CPU = Debug|Any CPU
		Release|Any CPU = Release|Any CPU
	EndGlobalSection
	GlobalSection(ProjectConfigurationPlatforms) = postSolution
		{593F5B84-3D66-4A3D-AFBC-C6FDA9929918}.Debug|Any CPU.ActiveCfg = Debug|Any CPU
		{593F5B84-3D66-4A3D-AFBC-C6FDA9929918}.Debug|Any CPU.Build.0 = Debug|Any CPU
		{593F5B84-3D66-4A3D-AFBC-C6FDA9929918}.Release|Any CPU.ActiveCfg = Release|Any CPU
		{593F5B84-3D66-4A3D-AFBC-C6FDA9929918}.Release|Any CPU.Build.0 = Release|Any CPU
	EndGlobalSection
	GlobalSection(SolutionProperties) = preSolution
		HideSolutionNode = FALSE
	EndGlobalSection
	GlobalSection(ExtensibilityGlobals) = postSolution
		SolutionGuid = {FF48552A-5723-47D8-9586-9BD33389DA09}
	EndGlobalSection
EndGlobal
